// !$*UTF8*$!
{
	archiveVersion = 1;
	classes = {
	};
	objectVersion = 56;
	objects = {

/* Begin PBXBuildFile section */
		C225F09A2AFFE7D80059BD88 /* AppDelegate.swift in Sources */ = {isa = PBXBuildFile; fileRef = C225F0992AFFE7D80059BD88 /* AppDelegate.swift */; };
		C225F09C2AFFE7D80059BD88 /* SceneDelegate.swift in Sources */ = {isa = PBXBuildFile; fileRef = C225F09B2AFFE7D80059BD88 /* SceneDelegate.swift */; };
		C225F09E2AFFE7D90059BD88 /* ViewController.swift in Sources */ = {isa = PBXBuildFile; fileRef = C225F09D2AFFE7D90059BD88 /* ViewController.swift */; };
		C225F0A12AFFE7D90059BD88 /* Main.storyboard in Resources */ = {isa = PBXBuildFile; fileRef = C225F09F2AFFE7D90059BD88 /* Main.storyboard */; };
		C225F0A32AFFE7DF0059BD88 /* Assets.xcassets in Resources */ = {isa = PBXBuildFile; fileRef = C225F0A22AFFE7DF0059BD88 /* Assets.xcassets */; };
		C225F0A62AFFE7DF0059BD88 /* LaunchScreen.storyboard in Resources */ = {isa = PBXBuildFile; fileRef = C225F0A42AFFE7DF0059BD88 /* LaunchScreen.storyboard */; };
		C225F0AE2AFFE8A30059BD88 /* BountyListTableViewController.swift in Sources */ = {isa = PBXBuildFile; fileRef = C225F0AD2AFFE8A30059BD88 /* BountyListTableViewController.swift */; };
		C225F0B02AFFE9AA0059BD88 /* Fugitive.swift in Sources */ = {isa = PBXBuildFile; fileRef = C225F0AF2AFFE9AA0059BD88 /* Fugitive.swift */; };
		C225F0B22AFFF9D90059BD88 /* InternetMonitor.swift in Sources */ = {isa = PBXBuildFile; fileRef = C225F0B12AFFF9D90059BD88 /* InternetMonitor.swift */; };
/* End PBXBuildFile section */

/* Begin PBXFileReference section */
		C225F0962AFFE7D80059BD88 /* CazaRecompensas.app */ = {isa = PBXFileReference; explicitFileType = wrapper.application; includeInIndex = 0; path = CazaRecompensas.app; sourceTree = BUILT_PRODUCTS_DIR; };
		C225F0992AFFE7D80059BD88 /* AppDelegate.swift */ = {isa = PBXFileReference; lastKnownFileType = sourcecode.swift; path = AppDelegate.swift; sourceTree = "<group>"; };
		C225F09B2AFFE7D80059BD88 /* SceneDelegate.swift */ = {isa = PBXFileReference; lastKnownFileType = sourcecode.swift; path = SceneDelegate.swift; sourceTree = "<group>"; };
		C225F09D2AFFE7D90059BD88 /* ViewController.swift */ = {isa = PBXFileReference; lastKnownFileType = sourcecode.swift; path = ViewController.swift; sourceTree = "<group>"; };
		C225F0A02AFFE7D90059BD88 /* Base */ = {isa = PBXFileReference; lastKnownFileType = file.storyboard; name = Base; path = Base.lproj/Main.storyboard; sourceTree = "<group>"; };
		C225F0A22AFFE7DF0059BD88 /* Assets.xcassets */ = {isa = PBXFileReference; lastKnownFileType = folder.assetcatalog; path = Assets.xcassets; sourceTree = "<group>"; };
		C225F0A52AFFE7DF0059BD88 /* Base */ = {isa = PBXFileReference; lastKnownFileType = file.storyboard; name = Base; path = Base.lproj/LaunchScreen.storyboard; sourceTree = "<group>"; };
		C225F0A72AFFE7DF0059BD88 /* Info.plist */ = {isa = PBXFileReference; lastKnownFileType = text.plist.xml; path = Info.plist; sourceTree = "<group>"; };
		C225F0AD2AFFE8A30059BD88 /* BountyListTableViewController.swift */ = {isa = PBXFileReference; lastKnownFileType = sourcecode.swift; path = BountyListTableViewController.swift; sourceTree = "<group>"; };
		C225F0AF2AFFE9AA0059BD88 /* Fugitive.swift */ = {isa = PBXFileReference; lastKnownFileType = sourcecode.swift; path = Fugitive.swift; sourceTree = "<group>"; };
		C225F0B12AFFF9D90059BD88 /* InternetMonitor.swift */ = {isa = PBXFileReference; lastKnownFileType = sourcecode.swift; path = InternetMonitor.swift; sourceTree = "<group>"; };
/* End PBXFileReference section */

/* Begin PBXFrameworksBuildPhase section */
		C225F0932AFFE7D80059BD88 /* Frameworks */ = {
			isa = PBXFrameworksBuildPhase;
			buildActionMask = 2147483647;
			files = (
			);
			runOnlyForDeploymentPostprocessing = 0;
		};
/* End PBXFrameworksBuildPhase section */

/* Begin PBXGroup section */
		C225F08D2AFFE7D80059BD88 = {
			isa = PBXGroup;
			children = (
				C225F0982AFFE7D80059BD88 /* CazaRecompensas */,
				C225F0972AFFE7D80059BD88 /* Products */,
			);
			sourceTree = "<group>";
		};
		C225F0972AFFE7D80059BD88 /* Products */ = {
			isa = PBXGroup;
			children = (
				C225F0962AFFE7D80059BD88 /* CazaRecompensas.app */,
			);
			name = Products;
			sourceTree = "<group>";
		};
		C225F0982AFFE7D80059BD88 /* CazaRecompensas */ = {
			isa = PBXGroup;
			children = (
				C225F0992AFFE7D80059BD88 /* AppDelegate.swift */,
				C225F09B2AFFE7D80059BD88 /* SceneDelegate.swift */,
				C225F09D2AFFE7D90059BD88 /* ViewController.swift */,
				C225F09F2AFFE7D90059BD88 /* Main.storyboard */,
				C225F0A22AFFE7DF0059BD88 /* Assets.xcassets */,
				C225F0A42AFFE7DF0059BD88 /* LaunchScreen.storyboard */,
				C225F0A72AFFE7DF0059BD88 /* Info.plist */,
				C225F0AD2AFFE8A30059BD88 /* BountyListTableViewController.swift */,
				C225F0AF2AFFE9AA0059BD88 /* Fugitive.swift */,
				C225F0B12AFFF9D90059BD88 /* InternetMonitor.swift */,
			);
			path = CazaRecompensas;
			sourceTree = "<group>";
		};
/* End PBXGroup section */

/* Begin PBXNativeTarget section */
		C225F0952AFFE7D80059BD88 /* CazaRecompensas */ = {
			isa = PBXNativeTarget;
			buildConfigurationList = C225F0AA2AFFE7DF0059BD88 /* Build configuration list for PBXNativeTarget "CazaRecompensas" */;
			buildPhases = (
				C225F0922AFFE7D80059BD88 /* Sources */,
				C225F0932AFFE7D80059BD88 /* Frameworks */,
				C225F0942AFFE7D80059BD88 /* Resources */,
			);
			buildRules = (
			);
			dependencies = (
			);
			name = CazaRecompensas;
			productName = CazaRecompensas;
			productReference = C225F0962AFFE7D80059BD88 /* CazaRecompensas.app */;
			productType = "com.apple.product-type.application";
		};
/* End PBXNativeTarget section */

/* Begin PBXProject section */
		C225F08E2AFFE7D80059BD88 /* Project object */ = {
			isa = PBXProject;
			attributes = {
				BuildIndependentTargetsInParallel = 1;
				LastSwiftUpdateCheck = 1420;
				LastUpgradeCheck = 1420;
				TargetAttributes = {
					C225F0952AFFE7D80059BD88 = {
						CreatedOnToolsVersion = 14.2;
					};
				};
			};
			buildConfigurationList = C225F0912AFFE7D80059BD88 /* Build configuration list for PBXProject "CazaRecompensas" */;
			compatibilityVersion = "Xcode 14.0";
			developmentRegion = en;
			hasScannedForEncodings = 0;
			knownRegions = (
				en,
				Base,
			);
			mainGroup = C225F08D2AFFE7D80059BD88;
			productRefGroup = C225F0972AFFE7D80059BD88 /* Products */;
			projectDirPath = "";
			projectRoot = "";
			targets = (
				C225F0952AFFE7D80059BD88 /* CazaRecompensas */,
			);
		};
/* End PBXProject section */

/* Begin PBXResourcesBuildPhase section */
		C225F0942AFFE7D80059BD88 /* Resources */ = {
			isa = PBXResourcesBuildPhase;
			buildActionMask = 2147483647;
			files = (
				C225F0A62AFFE7DF0059BD88 /* LaunchScreen.storyboard in Resources */,
				C225F0A32AFFE7DF0059BD88 /* Assets.xcassets in Resources */,
				C225F0A12AFFE7D90059BD88 /* Main.storyboard in Resources */,
			);
			runOnlyForDeploymentPostprocessing = 0;
		};
/* End PBXResourcesBuildPhase section */

/* Begin PBXSourcesBuildPhase section */
		C225F0922AFFE7D80059BD88 /* Sources */ = {
			isa = PBXSourcesBuildPhase;
			buildActionMask = 2147483647;
			files = (
				C225F09E2AFFE7D90059BD88 /* ViewController.swift in Sources */,
				C225F09A2AFFE7D80059BD88 /* AppDelegate.swift in Sources */,
				C225F0AE2AFFE8A30059BD88 /* BountyListTableViewController.swift in Sources */,
				C225F0B22AFFF9D90059BD88 /* InternetMonitor.swift in Sources */,
				C225F09C2AFFE7D80059BD88 /* SceneDelegate.swift in Sources */,
				C225F0B02AFFE9AA0059BD88 /* Fugitive.swift in Sources */,
			);
			runOnlyForDeploymentPostprocessing = 0;
		};
/* End PBXSourcesBuildPhase section */

/* Begin PBXVariantGroup section */
		C225F09F2AFFE7D90059BD88 /* Main.storyboard */ = {
			isa = PBXVariantGroup;
			children = (
				C225F0A02AFFE7D90059BD88 /* Base */,
			);
			name = Main.storyboard;
			sourceTree = "<group>";
		};
		C225F0A42AFFE7DF0059BD88 /* LaunchScreen.storyboard */ = {
			isa = PBXVariantGroup;
			children = (
				C225F0A52AFFE7DF0059BD88 /* Base */,
			);
			name = LaunchScreen.storyboard;
			sourceTree = "<group>";
		};
/* End PBXVariantGroup section */

/* Begin XCBuildConfiguration section */
		C225F0A82AFFE7DF0059BD88 /* Debug */ = {
			isa = XCBuildConfiguration;
			buildSettings = {
				ALWAYS_SEARCH_USER_PATHS = NO;
				CLANG_ANALYZER_NONNULL = YES;
				CLANG_ANALYZER_NUMBER_OBJECT_CONVERSION = YES_AGGRESSIVE;
				CLANG_CXX_LANGUAGE_STANDARD = "gnu++20";
				CLANG_ENABLE_MODULES = YES;
				CLANG_ENABLE_OBJC_ARC = YES;
				CLANG_ENABLE_OBJC_WEAK = YES;
				CLANG_WARN_BLOCK_CAPTURE_AUTORELEASING = YES;
				CLANG_WARN_BOOL_CONVERSION = YES;
				CLANG_WARN_COMMA = YES;
				CLANG_WARN_CONSTANT_CONVERSION = YES;
				CLANG_WARN_DEPRECATED_OBJC_IMPLEMENTATIONS = YES;
				CLANG_WARN_DIRECT_OBJC_ISA_USAGE = YES_ERROR;
				CLANG_WARN_DOCUMENTATION_COMMENTS = YES;
				CLANG_WARN_EMPTY_BODY = YES;
				CLANG_WARN_ENUM_CONVERSION = YES;
				CLANG_WARN_INFINITE_RECURSION = YES;
				CLANG_WARN_INT_CONVERSION = YES;
				CLANG_WARN_NON_LITERAL_NULL_CONVERSION = YES;
				CLANG_WARN_OBJC_IMPLICIT_RETAIN_SELF = YES;
				CLANG_WARN_OBJC_LITERAL_CONVERSION = YES;
				CLANG_WARN_OBJC_ROOT_CLASS = YES_ERROR;
				CLANG_WARN_QUOTED_INCLUDE_IN_FRAMEWORK_HEADER = YES;
				CLANG_WARN_RANGE_LOOP_ANALYSIS = YES;
				CLANG_WARN_STRICT_PROTOTYPES = YES;
				CLANG_WARN_SUSPICIOUS_MOVE = YES;
				CLANG_WARN_UNGUARDED_AVAILABILITY = YES_AGGRESSIVE;
				CLANG_WARN_UNREACHABLE_CODE = YES;
				CLANG_WARN__DUPLICATE_METHOD_MATCH = YES;
				COPY_PHASE_STRIP = NO;
				DEBUG_INFORMATION_FORMAT = dwarf;
				ENABLE_STRICT_OBJC_MSGSEND = YES;
				ENABLE_TESTABILITY = YES;
				GCC_C_LANGUAGE_STANDARD = gnu11;
				GCC_DYNAMIC_NO_PIC = NO;
				GCC_NO_COMMON_BLOCKS = YES;
				GCC_OPTIMIZATION_LEVEL = 0;
				GCC_PREPROCESSOR_DEFINITIONS = (
					"DEBUG=1",
					"$(inherited)",
				);
				GCC_WARN_64_TO_32_BIT_CONVERSION = YES;
				GCC_WARN_ABOUT_RETURN_TYPE = YES_ERROR;
				GCC_WARN_UNDECLARED_SELECTOR = YES;
				GCC_WARN_UNINITIALIZED_AUTOS = YES_AGGRESSIVE;
				GCC_WARN_UNUSED_FUNCTION = YES;
				GCC_WARN_UNUSED_VARIABLE = YES;
				IPHONEOS_DEPLOYMENT_TARGET = 16.2;
				MTL_ENABLE_DEBUG_INFO = INCLUDE_SOURCE;
				MTL_FAST_MATH = YES;
				ONLY_ACTIVE_ARCH = YES;
				SDKROOT = iphoneos;
				SWIFT_ACTIVE_COMPILATION_CONDITIONS = DEBUG;
				SWIFT_OPTIMIZATION_LEVEL = "-Onone";
			};
			name = Debug;
		};
		C225F0A92AFFE7DF0059BD88 /* Release */ = {
			isa = XCBuildConfiguration;
			buildSettings = {
				ALWAYS_SEARCH_USER_PATHS = NO;
				CLANG_ANALYZER_NONNULL = YES;
				CLANG_ANALYZER_NUMBER_OBJECT_CONVERSION = YES_AGGRESSIVE;
				CLANG_CXX_LANGUAGE_STANDARD = "gnu++20";
				CLANG_ENABLE_MODULES = YES;
				CLANG_ENABLE_OBJC_ARC = YES;
				CLANG_ENABLE_OBJC_WEAK = YES;
				CLANG_WARN_BLOCK_CAPTURE_AUTORELEASING = YES;
				CLANG_WARN_BOOL_CONVERSION = YES;
				CLANG_WARN_COMMA = YES;
				CLANG_WARN_CONSTANT_CONVERSION = YES;
				CLANG_WARN_DEPRECATED_OBJC_IMPLEMENTATIONS = YES;
				CLANG_WARN_DIRECT_OBJC_ISA_USAGE = YES_ERROR;
				CLANG_WARN_DOCUMENTATION_COMMENTS = YES;
				CLANG_WARN_EMPTY_BODY = YES;
				CLANG_WARN_ENUM_CONVERSION = YES;
				CLANG_WARN_INFINITE_RECURSION = YES;
				CLANG_WARN_INT_CONVERSION = YES;
				CLANG_WARN_NON_LITERAL_NULL_CONVERSION = YES;
				CLANG_WARN_OBJC_IMPLICIT_RETAIN_SELF = YES;
				CLANG_WARN_OBJC_LITERAL_CONVERSION = YES;
				CLANG_WARN_OBJC_ROOT_CLASS = YES_ERROR;
				CLANG_WARN_QUOTED_INCLUDE_IN_FRAMEWORK_HEADER = YES;
				CLANG_WARN_RANGE_LOOP_ANALYSIS = YES;
				CLANG_WARN_STRICT_PROTOTYPES = YES;
				CLANG_WARN_SUSPICIOUS_MOVE = YES;
				CLANG_WARN_UNGUARDED_AVAILABILITY = YES_AGGRESSIVE;
				CLANG_WARN_UNREACHABLE_CODE = YES;
				CLANG_WARN__DUPLICATE_METHOD_MATCH = YES;
				COPY_PHASE_STRIP = NO;
				DEBUG_INFORMATION_FORMAT = "dwarf-with-dsym";
				ENABLE_NS_ASSERTIONS = NO;
				ENABLE_STRICT_OBJC_MSGSEND = YES;
				GCC_C_LANGUAGE_STANDARD = gnu11;
				GCC_NO_COMMON_BLOCKS = YES;
				GCC_WARN_64_TO_32_BIT_CONVERSION = YES;
				GCC_WARN_ABOUT_RETURN_TYPE = YES_ERROR;
				GCC_WARN_UNDECLARED_SELECTOR = YES;
				GCC_WARN_UNINITIALIZED_AUTOS = YES_AGGRESSIVE;
				GCC_WARN_UNUSED_FUNCTION = YES;
				GCC_WARN_UNUSED_VARIABLE = YES;
				IPHONEOS_DEPLOYMENT_TARGET = 16.2;
				MTL_ENABLE_DEBUG_INFO = NO;
				MTL_FAST_MATH = YES;
				SDKROOT = iphoneos;
				SWIFT_COMPILATION_MODE = wholemodule;
				SWIFT_OPTIMIZATION_LEVEL = "-O";
				VALIDATE_PRODUCT = YES;
			};
			name = Release;
		};
		C225F0AB2AFFE7DF0059BD88 /* Debug */ = {
			isa = XCBuildConfiguration;
			buildSettings = {
				ASSETCATALOG_COMPILER_APPICON_NAME = AppIcon;
				ASSETCATALOG_COMPILER_GLOBAL_ACCENT_COLOR_NAME = AccentColor;
				CODE_SIGN_STYLE = Automatic;
				CURRENT_PROJECT_VERSION = 1;
				DEVELOPMENT_TEAM = AAMLMY9566;
				GENERATE_INFOPLIST_FILE = YES;
				INFOPLIST_FILE = CazaRecompensas/Info.plist;
				INFOPLIST_KEY_UIApplicationSupportsIndirectInputEvents = YES;
				INFOPLIST_KEY_UILaunchStoryboardName = LaunchScreen;
				INFOPLIST_KEY_UIMainStoryboardFile = Main;
				INFOPLIST_KEY_UISupportedInterfaceOrientations_iPad = "UIInterfaceOrientationPortrait UIInterfaceOrientationPortraitUpsideDown UIInterfaceOrientationLandscapeLeft UIInterfaceOrientationLandscapeRight";
				INFOPLIST_KEY_UISupportedInterfaceOrientations_iPhone = "UIInterfaceOrientationPortrait UIInterfaceOrientationLandscapeLeft UIInterfaceOrientationLandscapeRight";
				LD_RUNPATH_SEARCH_PATHS = (
					"$(inherited)",
					"@executable_path/Frameworks",
				);
				MARKETING_VERSION = 1.0;
				PRODUCT_BUNDLE_IDENTIFIER = zurc..CazaRecompensas;
				PRODUCT_NAME = "$(TARGET_NAME)";
				SUPPORTED_PLATFORMS = "iphoneos iphonesimulator";
				SUPPORTS_MACCATALYST = NO;
				SUPPORTS_MAC_DESIGNED_FOR_IPHONE_IPAD = NO;
				SWIFT_EMIT_LOC_STRINGS = YES;
				SWIFT_VERSION = 5.0;
				TARGETED_DEVICE_FAMILY = 1;
			};
			name = Debug;
		};
		C225F0AC2AFFE7DF0059BD88 /* Release */ = {
			isa = XCBuildConfiguration;
			buildSettings = {
				ASSETCATALOG_COMPILER_APPICON_NAME = AppIcon;
				ASSETCATALOG_COMPILER_GLOBAL_ACCENT_COLOR_NAME = AccentColor;
				CODE_SIGN_STYLE = Automatic;
				CURRENT_PROJECT_VERSION = 1;
				DEVELOPMENT_TEAM = AAMLMY9566;
				GENERATE_INFOPLIST_FILE = YES;
				INFOPLIST_FILE = CazaRecompensas/Info.plist;
				INFOPLIST_KEY_UIApplicationSupportsIndirectInputEvents = YES;
				INFOPLIST_KEY_UILaunchStoryboardName = LaunchScreen;
				INFOPLIST_KEY_UIMainStoryboardFile = Main;
				INFOPLIST_KEY_UISupportedInterfaceOrientations_iPad = "UIInterfaceOrientationPortrait UIInterfaceOrientationPortraitUpsideDown UIInterfaceOrientationLandscapeLeft UIInterfaceOrientationLandscapeRight";
				INFOPLIST_KEY_UISupportedInterfaceOrientations_iPhone = "UIInterfaceOrientationPortrait UIInterfaceOrientationLandscapeLeft UIInterfaceOrientationLandscapeRight";
				LD_RUNPATH_SEARCH_PATHS = (
					"$(inherited)",
					"@executable_path/Frameworks",
				);
				MARKETING_VERSION = 1.0;
				PRODUCT_BUNDLE_IDENTIFIER = zurc..CazaRecompensas;
				PRODUCT_NAME = "$(TARGET_NAME)";
				SUPPORTED_PLATFORMS = "iphoneos iphonesimulator";
				SUPPORTS_MACCATALYST = NO;
				SUPPORTS_MAC_DESIGNED_FOR_IPHONE_IPAD = NO;
				SWIFT_EMIT_LOC_STRINGS = YES;
				SWIFT_VERSION = 5.0;
				TARGETED_DEVICE_FAMILY = 1;
			};
			name = Release;
		};
/* End XCBuildConfiguration section */

/* Begin XCConfigurationList section */
		C225F0912AFFE7D80059BD88 /* Build configuration list for PBXProject "CazaRecompensas" */ = {
			isa = XCConfigurationList;
			buildConfigurations = (
				C225F0A82AFFE7DF0059BD88 /* Debug */,
				C225F0A92AFFE7DF0059BD88 /* Release */,
			);
			defaultConfigurationIsVisible = 0;
			defaultConfigurationName = Release;
		};
		C225F0AA2AFFE7DF0059BD88 /* Build configuration list for PBXNativeTarget "CazaRecompensas" */ = {
			isa = XCConfigurationList;
			buildConfigurations = (
				C225F0AB2AFFE7DF0059BD88 /* Debug */,
				C225F0AC2AFFE7DF0059BD88 /* Release */,
			);
			defaultConfigurationIsVisible = 0;
			defaultConfigurationName = Release;
		};
/* End XCConfigurationList section */
	};
	rootObject = C225F08E2AFFE7D80059BD88 /* Project object */;
}
